
Microsoft Visual Studio Solution File, Format Version 11.00
# Visual Studio 2010
Project("{FAE04EC0-301F-11D3-BF4B-00C04F79EFBC}") = "MediaCenterVLCPlayer", "MediaCenterVLCPlayer\MediaCenterVLCPlayer.csproj", "{A701E973-1957-4975-89FC-6E8A938ADAB9}"
EndProject
Project("{FAE04EC0-301F-11D3-BF4B-00C04F79EFBC}") = "VLCPlayerTestSuite", "VLCPlayerTestSuite\VLCPlayerTestSuite.csproj", "{159BBA62-EA76-49EF-8047-1B0EEE0C4C9B}"
EndProject
Global
	GlobalSection(SolutionConfigurationPlatforms) = preSolution
		Debug|Any CPU = Debug|Any CPU
		Debug|Mixed Platforms = Debug|Mixed Platforms
		Debug|x86 = Debug|x86
		Release|Any CPU = Release|Any CPU
		Release|Mixed Platforms = Release|Mixed Platforms
		Release|x86 = Release|x86
	EndGlobalSection
	GlobalSection(ProjectConfigurationPlatforms) = postSolution
		{A701E973-1957-4975-89FC-6E8A938ADAB9}.Debug|Any CPU.ActiveCfg = Debug|x86
		{A701E973-1957-4975-89FC-6E8A938ADAB9}.Debug|Mixed Platforms.ActiveCfg = Debug|x86
		{A701E973-1957-4975-89FC-6E8A938ADAB9}.Debug|Mixed Platforms.Build.0 = Debug|x86
		{A701E973-1957-4975-89FC-6E8A938ADAB9}.Debug|x86.ActiveCfg = Debug|x86
		{A701E973-1957-4975-89FC-6E8A938ADAB9}.Debug|x86.Build.0 = Debug|x86
		{A701E973-1957-4975-89FC-6E8A938ADAB9}.Release|Any CPU.ActiveCfg = Release|x86
		{A701E973-1957-4975-89FC-6E8A938ADAB9}.Release|Mixed Platforms.ActiveCfg = Release|x86
		{A701E973-1957-4975-89FC-6E8A938ADAB9}.Release|Mixed Platforms.Build.0 = Release|x86
		{A701E973-1957-4975-89FC-6E8A938ADAB9}.Release|x86.ActiveCfg = Release|x86
		{A701E973-1957-4975-89FC-6E8A938ADAB9}.Release|x86.Build.0 = Release|x86
		{159BBA62-EA76-49EF-8047-1B0EEE0C4C9B}.Debug|Any CPU.ActiveCfg = Debug|Any CPU
		{159BBA62-EA76-49EF-8047-1B0EEE0C4C9B}.Debug|Any CPU.Build.0 = Debug|Any CPU
		{159BBA62-EA76-49EF-8047-1B0EEE0C4C9B}.Debug|Mixed Platforms.ActiveCfg = Debug|Any CPU
		{159BBA62-EA76-49EF-8047-1B0EEE0C4C9B}.Debug|Mixed Platforms.Build.0 = Debug|Any CPU
		{159BBA62-EA76-49EF-8047-1B0EEE0C4C9B}.Debug|x86.ActiveCfg = Debug|Any CPU
		{159BBA62-EA76-49EF-8047-1B0EEE0C4C9B}.Release|Any CPU.ActiveCfg = Release|Any CPU
		{159BBA62-EA76-49EF-8047-1B0EEE0C4C9B}.Release|Any CPU.Build.0 = Release|Any CPU
		{159BBA62-EA76-49EF-8047-1B0EEE0C4C9B}.Release|Mixed Platforms.ActiveCfg = Release|Any CPU
		{159BBA62-EA76-49EF-8047-1B0EEE0C4C9B}.Release|Mixed Platforms.Build.0 = Release|Any CPU
		{159BBA62-EA76-49EF-8047-1B0EEE0C4C9B}.Release|x86.ActiveCfg = Release|Any CPU
	EndGlobalSection
	GlobalSection(SolutionProperties) = preSolution
		HideSolutionNode = FALSE
	EndGlobalSection
	GlobalSection(ExtensibilityGlobals) = postSolution
		VisualSVNWorkingCopyRoot = .
	EndGlobalSection
EndGlobal
